
Microsoft Visual Studio Solution File, Format Version 12.00
# Visual Studio Version 17
VisualStudioVersion = 17.0.31903.59
MinimumVisualStudioVersion = 10.0.40219.1
Project("{2150E333-8FDC-42A3-9474-1A3956D46DE8}") = "api", "api", "{D82C56D6-B2CD-F611-9E31-04638F7EC30E}"
EndProject
Project("{FAE04EC0-301F-11D3-BF4B-00C04F79EFBC}") = "WebApi", "api\WebApi\WebApi.csproj", "{63099F7F-4186-4792-9764-0504C40178DE}"
EndProject
Project("{FAE04EC0-301F-11D3-BF4B-00C04F79EFBC}") = "Application", "api\Application\Application.csproj", "{751C853D-6135-495C-8DE2-C516398EAFC4}"
EndProject
Project("{FAE04EC0-301F-11D3-BF4B-00C04F79EFBC}") = "Contract", "api\Contract\Contract.csproj", "{3132491E-FAB8-4AFD-925F-282CE8F28658}"
EndProject
Project("{FAE04EC0-301F-11D3-BF4B-00C04F79EFBC}") = "Domain", "api\Domain\Domain.csproj", "{E548EDEE-4529-4ACE-A6F9-7B808D72B690}"
EndProject
Project("{FAE04EC0-301F-11D3-BF4B-00C04F79EFBC}") = "Core", "api\Core\Core.csproj", "{8078AF87-95B3-4119-885B-23885AE169DF}"
EndProject
Project("{FAE04EC0-301F-11D3-BF4B-00C04F79EFBC}") = "SqlServ4r", "api\SqlServ4r\SqlServ4r.csproj", "{D7E65777-D14D-4723-B89D-F2B188CEEABA}"
EndProject
Project("{2150E333-8FDC-42A3-9474-1A3956D46DE8}") = "ui", "ui", "{FA674B5A-3394-926C-2B1E-70E5B00E4A5C}"
EndProject
Project("{2150E333-8FDC-42A3-9474-1A3956D46DE8}") = "src", "src", "{01E8AB42-5ABD-E289-28CE-AA0EDB659452}"
EndProject
Project("{FAE04EC0-301F-11D3-BF4B-00C04F79EFBC}") = "BootstrapBlazor.Server", "ui\src\BootstrapBlazor.Server\BootstrapBlazor.Server.csproj", "{4BD7E5D8-06C9-4E04-B6E8-BD9706D59B1E}"
EndProject
Project("{FAE04EC0-301F-11D3-BF4B-00C04F79EFBC}") = "BootstrapBlazor", "ui\src\BootstrapBlazor\BootstrapBlazor.csproj", "{6EB4DE30-1429-498F-ADC7-133965622DAA}"
EndProject
Global
	GlobalSection(SolutionConfigurationPlatforms) = preSolution
		Debug|Any CPU = Debug|Any CPU
		Debug|x64 = Debug|x64
		Debug|x86 = Debug|x86
		Release|Any CPU = Release|Any CPU
		Release|x64 = Release|x64
		Release|x86 = Release|x86
	EndGlobalSection
	GlobalSection(ProjectConfigurationPlatforms) = postSolution
		{63099F7F-4186-4792-9764-0504C40178DE}.Debug|Any CPU.ActiveCfg = Debug|Any CPU
		{63099F7F-4186-4792-9764-0504C40178DE}.Debug|Any CPU.Build.0 = Debug|Any CPU
		{63099F7F-4186-4792-9764-0504C40178DE}.Debug|x64.ActiveCfg = Debug|Any CPU
		{63099F7F-4186-4792-9764-0504C40178DE}.Debug|x64.Build.0 = Debug|Any CPU
		{63099F7F-4186-4792-9764-0504C40178DE}.Debug|x86.ActiveCfg = Debug|Any CPU
		{63099F7F-4186-4792-9764-0504C40178DE}.Debug|x86.Build.0 = Debug|Any CPU
		{63099F7F-4186-4792-9764-0504C40178DE}.Release|Any CPU.ActiveCfg = Release|Any CPU
		{63099F7F-4186-4792-9764-0504C40178DE}.Release|Any CPU.Build.0 = Release|Any CPU
		{63099F7F-4186-4792-9764-0504C40178DE}.Release|x64.ActiveCfg = Release|Any CPU
		{63099F7F-4186-4792-9764-0504C40178DE}.Release|x64.Build.0 = Release|Any CPU
		{63099F7F-4186-4792-9764-0504C40178DE}.Release|x86.ActiveCfg = Release|Any CPU
		{63099F7F-4186-4792-9764-0504C40178DE}.Release|x86.Build.0 = Release|Any CPU
		{751C853D-6135-495C-8DE2-C516398EAFC4}.Debug|Any CPU.ActiveCfg = Debug|Any CPU
		{751C853D-6135-495C-8DE2-C516398EAFC4}.Debug|Any CPU.Build.0 = Debug|Any CPU
		{751C853D-6135-495C-8DE2-C516398EAFC4}.Debug|x64.ActiveCfg = Debug|Any CPU
		{751C853D-6135-495C-8DE2-C516398EAFC4}.Debug|x64.Build.0 = Debug|Any CPU
		{751C853D-6135-495C-8DE2-C516398EAFC4}.Debug|x86.ActiveCfg = Debug|Any CPU
		{751C853D-6135-495C-8DE2-C516398EAFC4}.Debug|x86.Build.0 = Debug|Any CPU
		{751C853D-6135-495C-8DE2-C516398EAFC4}.Release|Any CPU.ActiveCfg = Release|Any CPU
		{751C853D-6135-495C-8DE2-C516398EAFC4}.Release|Any CPU.Build.0 = Release|Any CPU
		{751C853D-6135-495C-8DE2-C516398EAFC4}.Release|x64.ActiveCfg = Release|Any CPU
		{751C853D-6135-495C-8DE2-C516398EAFC4}.Release|x64.Build.0 = Release|Any CPU
		{751C853D-6135-495C-8DE2-C516398EAFC4}.Release|x86.ActiveCfg = Release|Any CPU
		{751C853D-6135-495C-8DE2-C516398EAFC4}.Release|x86.Build.0 = Release|Any CPU
		{3132491E-FAB8-4AFD-925F-282CE8F28658}.Debug|Any CPU.ActiveCfg = Debug|Any CPU
		{3132491E-FAB8-4AFD-925F-282CE8F28658}.Debug|Any CPU.Build.0 = Debug|Any CPU
		{3132491E-FAB8-4AFD-925F-282CE8F28658}.Debug|x64.ActiveCfg = Debug|Any CPU
		{3132491E-FAB8-4AFD-925F-282CE8F28658}.Debug|x64.Build.0 = Debug|Any CPU
		{3132491E-FAB8-4AFD-925F-282CE8F28658}.Debug|x86.ActiveCfg = Debug|Any CPU
		{3132491E-FAB8-4AFD-925F-282CE8F28658}.Debug|x86.Build.0 = Debug|Any CPU
		{3132491E-FAB8-4AFD-925F-282CE8F28658}.Release|Any CPU.ActiveCfg = Release|Any CPU
		{3132491E-FAB8-4AFD-925F-282CE8F28658}.Release|Any CPU.Build.0 = Release|Any CPU
		{3132491E-FAB8-4AFD-925F-282CE8F28658}.Release|x64.ActiveCfg = Release|Any CPU
		{3132491E-FAB8-4AFD-925F-282CE8F28658}.Release|x64.Build.0 = Release|Any CPU
		{3132491E-FAB8-4AFD-925F-282CE8F28658}.Release|x86.ActiveCfg = Release|Any CPU
		{3132491E-FAB8-4AFD-925F-282CE8F28658}.Release|x86.Build.0 = Release|Any CPU
		{E548EDEE-4529-4ACE-A6F9-7B808D72B690}.Debug|Any CPU.ActiveCfg = Debug|Any CPU
		{E548EDEE-4529-4ACE-A6F9-7B808D72B690}.Debug|Any CPU.Build.0 = Debug|Any CPU
		{E548EDEE-4529-4ACE-A6F9-7B808D72B690}.Debug|x64.ActiveCfg = Debug|Any CPU
		{E548EDEE-4529-4ACE-A6F9-7B808D72B690}.Debug|x64.Build.0 = Debug|Any CPU
		{E548EDEE-4529-4ACE-A6F9-7B808D72B690}.Debug|x86.ActiveCfg = Debug|Any CPU
		{E548EDEE-4529-4ACE-A6F9-7B808D72B690}.Debug|x86.Build.0 = Debug|Any CPU
		{E548EDEE-4529-4ACE-A6F9-7B808D72B690}.Release|Any CPU.ActiveCfg = Release|Any CPU
		{E548EDEE-4529-4ACE-A6F9-7B808D72B690}.Release|Any CPU.Build.0 = Release|Any CPU
		{E548EDEE-4529-4ACE-A6F9-7B808D72B690}.Release|x64.ActiveCfg = Release|Any CPU
		{E548EDEE-4529-4ACE-A6F9-7B808D72B690}.Release|x64.Build.0 = Release|Any CPU
		{E548EDEE-4529-4ACE-A6F9-7B808D72B690}.Release|x86.ActiveCfg = Release|Any CPU
		{E548EDEE-4529-4ACE-A6F9-7B808D72B690}.Release|x86.Build.0 = Release|Any CPU
		{8078AF87-95B3-4119-885B-23885AE169DF}.Debug|Any CPU.ActiveCfg = Debug|Any CPU
		{8078AF87-95B3-4119-885B-23885AE169DF}.Debug|Any CPU.Build.0 = Debug|Any CPU
		{8078AF87-95B3-4119-885B-23885AE169DF}.Debug|x64.ActiveCfg = Debug|Any CPU
		{8078AF87-95B3-4119-885B-23885AE169DF}.Debug|x64.Build.0 = Debug|Any CPU
		{8078AF87-95B3-4119-885B-23885AE169DF}.Debug|x86.ActiveCfg = Debug|Any CPU
		{8078AF87-95B3-4119-885B-23885AE169DF}.Debug|x86.Build.0 = Debug|Any CPU
		{8078AF87-95B3-4119-885B-23885AE169DF}.Release|Any CPU.ActiveCfg = Release|Any CPU
		{8078AF87-95B3-4119-885B-23885AE169DF}.Release|Any CPU.Build.0 = Release|Any CPU
		{8078AF87-95B3-4119-885B-23885AE169DF}.Release|x64.ActiveCfg = Release|Any CPU
		{8078AF87-95B3-4119-885B-23885AE169DF}.Release|x64.Build.0 = Release|Any CPU
		{8078AF87-95B3-4119-885B-23885AE169DF}.Release|x86.ActiveCfg = Release|Any CPU
		{8078AF87-95B3-4119-885B-23885AE169DF}.Release|x86.Build.0 = Release|Any CPU
		{D7E65777-D14D-4723-B89D-F2B188CEEABA}.Debug|Any CPU.ActiveCfg = Debug|Any CPU
		{D7E65777-D14D-4723-B89D-F2B188CEEABA}.Debug|Any CPU.Build.0 = Debug|Any CPU
		{D7E65777-D14D-4723-B89D-F2B188CEEABA}.Debug|x64.ActiveCfg = Debug|Any CPU
		{D7E65777-D14D-4723-B89D-F2B188CEEABA}.Debug|x64.Build.0 = Debug|Any CPU
		{D7E65777-D14D-4723-B89D-F2B188CEEABA}.Debug|x86.ActiveCfg = Debug|Any CPU
		{D7E65777-D14D-4723-B89D-F2B188CEEABA}.Debug|x86.Build.0 = Debug|Any CPU
		{D7E65777-D14D-4723-B89D-F2B188CEEABA}.Release|Any CPU.ActiveCfg = Release|Any CPU
		{D7E65777-D14D-4723-B89D-F2B188CEEABA}.Release|Any CPU.Build.0 = Release|Any CPU
		{D7E65777-D14D-4723-B89D-F2B188CEEABA}.Release|x64.ActiveCfg = Release|Any CPU
		{D7E65777-D14D-4723-B89D-F2B188CEEABA}.Release|x64.Build.0 = Release|Any CPU
		{D7E65777-D14D-4723-B89D-F2B188CEEABA}.Release|x86.ActiveCfg = Release|Any CPU
		{D7E65777-D14D-4723-B89D-F2B188CEEABA}.Release|x86.Build.0 = Release|Any CPU
		{4BD7E5D8-06C9-4E04-B6E8-BD9706D59B1E}.Debug|Any CPU.ActiveCfg = Debug|Any CPU
		{4BD7E5D8-06C9-4E04-B6E8-BD9706D59B1E}.Debug|Any CPU.Build.0 = Debug|Any CPU
		{4BD7E5D8-06C9-4E04-B6E8-BD9706D59B1E}.Debug|x64.ActiveCfg = Debug|Any CPU
		{4BD7E5D8-06C9-4E04-B6E8-BD9706D59B1E}.Debug|x64.Build.0 = Debug|Any CPU
		{4BD7E5D8-06C9-4E04-B6E8-BD9706D59B1E}.Debug|x86.ActiveCfg = Debug|Any CPU
		{4BD7E5D8-06C9-4E04-B6E8-BD9706D59B1E}.Debug|x86.Build.0 = Debug|Any CPU
		{4BD7E5D8-06C9-4E04-B6E8-BD9706D59B1E}.Release|Any CPU.ActiveCfg = Release|Any CPU
		{4BD7E5D8-06C9-4E04-B6E8-BD9706D59B1E}.Release|Any CPU.Build.0 = Release|Any CPU
		{4BD7E5D8-06C9-4E04-B6E8-BD9706D59B1E}.Release|x64.ActiveCfg = Release|Any CPU
		{4BD7E5D8-06C9-4E04-B6E8-BD9706D59B1E}.Release|x64.Build.0 = Release|Any CPU
		{4BD7E5D8-06C9-4E04-B6E8-BD9706D59B1E}.Release|x86.ActiveCfg = Release|Any CPU
		{4BD7E5D8-06C9-4E04-B6E8-BD9706D59B1E}.Release|x86.Build.0 = Release|Any CPU
		{6EB4DE30-1429-498F-ADC7-133965622DAA}.Debug|Any CPU.ActiveCfg = Debug|Any CPU
		{6EB4DE30-1429-498F-ADC7-133965622DAA}.Debug|Any CPU.Build.0 = Debug|Any CPU
		{6EB4DE30-1429-498F-ADC7-133965622DAA}.Debug|x64.ActiveCfg = Debug|Any CPU
		{6EB4DE30-1429-498F-ADC7-133965622DAA}.Debug|x64.Build.0 = Debug|Any CPU
		{6EB4DE30-1429-498F-ADC7-133965622DAA}.Debug|x86.ActiveCfg = Debug|Any CPU
		{6EB4DE30-1429-498F-ADC7-133965622DAA}.Debug|x86.Build.0 = Debug|Any CPU
		{6EB4DE30-1429-498F-ADC7-133965622DAA}.Release|Any CPU.ActiveCfg = Release|Any CPU
		{6EB4DE30-1429-498F-ADC7-133965622DAA}.Release|Any CPU.Build.0 = Release|Any CPU
		{6EB4DE30-1429-498F-ADC7-133965622DAA}.Release|x64.ActiveCfg = Release|Any CPU
		{6EB4DE30-1429-498F-ADC7-133965622DAA}.Release|x64.Build.0 = Release|Any CPU
		{6EB4DE30-1429-498F-ADC7-133965622DAA}.Release|x86.ActiveCfg = Release|Any CPU
		{6EB4DE30-1429-498F-ADC7-133965622DAA}.Release|x86.Build.0 = Release|Any CPU
	EndGlobalSection
	GlobalSection(SolutionProperties) = preSolution
		HideSolutionNode = FALSE
	EndGlobalSection
	GlobalSection(NestedProjects) = preSolution
		{63099F7F-4186-4792-9764-0504C40178DE} = {D82C56D6-B2CD-F611-9E31-04638F7EC30E}
		{751C853D-6135-495C-8DE2-C516398EAFC4} = {D82C56D6-B2CD-F611-9E31-04638F7EC30E}
		{3132491E-FAB8-4AFD-925F-282CE8F28658} = {D82C56D6-B2CD-F611-9E31-04638F7EC30E}
		{E548EDEE-4529-4ACE-A6F9-7B808D72B690} = {D82C56D6-B2CD-F611-9E31-04638F7EC30E}
		{8078AF87-95B3-4119-885B-23885AE169DF} = {D82C56D6-B2CD-F611-9E31-04638F7EC30E}
		{D7E65777-D14D-4723-B89D-F2B188CEEABA} = {D82C56D6-B2CD-F611-9E31-04638F7EC30E}
		{01E8AB42-5ABD-E289-28CE-AA0EDB659452} = {FA674B5A-3394-926C-2B1E-70E5B00E4A5C}
		{4BD7E5D8-06C9-4E04-B6E8-BD9706D59B1E} = {01E8AB42-5ABD-E289-28CE-AA0EDB659452}
		{6EB4DE30-1429-498F-ADC7-133965622DAA} = {01E8AB42-5ABD-E289-28CE-AA0EDB659452}
	EndGlobalSection
EndGlobal
